
Microsoft Visual Studio Solution File, Format Version 12.00
# Visual Studio Version 17
VisualStudioVersion = 17.6.33723.286
MinimumVisualStudioVersion = 10.0.40219.1
Project("{2150E333-8FDC-42A3-9474-1A3956D46DE8}") = "src", "src", "{B8568E40-3267-4BB2-A530-0648E14FD31E}"
EndProject
Project("{2150E333-8FDC-42A3-9474-1A3956D46DE8}") = "Core", "Core", "{C74C9A12-7712-4E28-BB6B-56EA7D5EAA69}"
EndProject
Project("{FAE04EC0-301F-11D3-BF4B-00C04F79EFBC}") = "Domain", "Domain\Domain.csproj", "{9997C5D8-6EF4-4A74-BEB8-95BA82894323}"
EndProject
Project("{2150E333-8FDC-42A3-9474-1A3956D46DE8}") = "Infraestructure", "Infraestructure", "{BD5EE491-C50A-4BDD-8A9A-2648ADE8D8C2}"
EndProject
Project("{2150E333-8FDC-42A3-9474-1A3956D46DE8}") = "Presentantion", "Presentantion", "{905EB53F-F64C-435F-B4F0-D6D4E1F88631}"
EndProject
Project("{FAE04EC0-301F-11D3-BF4B-00C04F79EFBC}") = "Application", "Application\Application.csproj", "{9D6E0BE3-4AE5-4E64-964D-A98BFBA8C308}"
EndProject
Project("{9A19103F-16F7-4668-BE54-9A1E7A4F7556}") = "Persistence", "Persistence\Persistence.csproj", "{BD2BC683-BC5F-43CF-A6F3-B7BF4210700E}"
EndProject
Project("{FAE04EC0-301F-11D3-BF4B-00C04F79EFBC}") = "Shared", "Shared\Shared.csproj", "{CA9C5B3C-0E8A-408E-A3E4-1CEDC422D992}"
EndProject
Project("{FAE04EC0-301F-11D3-BF4B-00C04F79EFBC}") = "WebApi", "WebApi\WebApi.csproj", "{3375B36A-E1DE-4F45-A23A-AE8C70E4C37C}"
EndProject
Global
	GlobalSection(SolutionConfigurationPlatforms) = preSolution
		Debug|Any CPU = Debug|Any CPU
		Release|Any CPU = Release|Any CPU
	EndGlobalSection
	GlobalSection(ProjectConfigurationPlatforms) = postSolution
		{9997C5D8-6EF4-4A74-BEB8-95BA82894323}.Debug|Any CPU.ActiveCfg = Debug|Any CPU
		{9997C5D8-6EF4-4A74-BEB8-95BA82894323}.Debug|Any CPU.Build.0 = Debug|Any CPU
		{9997C5D8-6EF4-4A74-BEB8-95BA82894323}.Release|Any CPU.ActiveCfg = Release|Any CPU
		{9997C5D8-6EF4-4A74-BEB8-95BA82894323}.Release|Any CPU.Build.0 = Release|Any CPU
		{9D6E0BE3-4AE5-4E64-964D-A98BFBA8C308}.Debug|Any CPU.ActiveCfg = Debug|Any CPU
		{9D6E0BE3-4AE5-4E64-964D-A98BFBA8C308}.Debug|Any CPU.Build.0 = Debug|Any CPU
		{9D6E0BE3-4AE5-4E64-964D-A98BFBA8C308}.Release|Any CPU.ActiveCfg = Release|Any CPU
		{9D6E0BE3-4AE5-4E64-964D-A98BFBA8C308}.Release|Any CPU.Build.0 = Release|Any CPU
		{BD2BC683-BC5F-43CF-A6F3-B7BF4210700E}.Debug|Any CPU.ActiveCfg = Debug|Any CPU
		{BD2BC683-BC5F-43CF-A6F3-B7BF4210700E}.Debug|Any CPU.Build.0 = Debug|Any CPU
		{BD2BC683-BC5F-43CF-A6F3-B7BF4210700E}.Release|Any CPU.ActiveCfg = Release|Any CPU
		{BD2BC683-BC5F-43CF-A6F3-B7BF4210700E}.Release|Any CPU.Build.0 = Release|Any CPU
		{CA9C5B3C-0E8A-408E-A3E4-1CEDC422D992}.Debug|Any CPU.ActiveCfg = Debug|Any CPU
		{CA9C5B3C-0E8A-408E-A3E4-1CEDC422D992}.Debug|Any CPU.Build.0 = Debug|Any CPU
		{CA9C5B3C-0E8A-408E-A3E4-1CEDC422D992}.Release|Any CPU.ActiveCfg = Release|Any CPU
		{CA9C5B3C-0E8A-408E-A3E4-1CEDC422D992}.Release|Any CPU.Build.0 = Release|Any CPU
		{3375B36A-E1DE-4F45-A23A-AE8C70E4C37C}.Debug|Any CPU.ActiveCfg = Debug|Any CPU
		{3375B36A-E1DE-4F45-A23A-AE8C70E4C37C}.Debug|Any CPU.Build.0 = Debug|Any CPU
		{3375B36A-E1DE-4F45-A23A-AE8C70E4C37C}.Release|Any CPU.ActiveCfg = Release|Any CPU
		{3375B36A-E1DE-4F45-A23A-AE8C70E4C37C}.Release|Any CPU.Build.0 = Release|Any CPU
	EndGlobalSection
	GlobalSection(SolutionProperties) = preSolution
		HideSolutionNode = FALSE
	EndGlobalSection
	GlobalSection(NestedProjects) = preSolution
		{C74C9A12-7712-4E28-BB6B-56EA7D5EAA69} = {B8568E40-3267-4BB2-A530-0648E14FD31E}
		{9997C5D8-6EF4-4A74-BEB8-95BA82894323} = {C74C9A12-7712-4E28-BB6B-56EA7D5EAA69}
		{BD5EE491-C50A-4BDD-8A9A-2648ADE8D8C2} = {B8568E40-3267-4BB2-A530-0648E14FD31E}
		{905EB53F-F64C-435F-B4F0-D6D4E1F88631} = {B8568E40-3267-4BB2-A530-0648E14FD31E}
		{9D6E0BE3-4AE5-4E64-964D-A98BFBA8C308} = {C74C9A12-7712-4E28-BB6B-56EA7D5EAA69}
		{BD2BC683-BC5F-43CF-A6F3-B7BF4210700E} = {BD5EE491-C50A-4BDD-8A9A-2648ADE8D8C2}
		{CA9C5B3C-0E8A-408E-A3E4-1CEDC422D992} = {BD5EE491-C50A-4BDD-8A9A-2648ADE8D8C2}
		{3375B36A-E1DE-4F45-A23A-AE8C70E4C37C} = {905EB53F-F64C-435F-B4F0-D6D4E1F88631}
	EndGlobalSection
	GlobalSection(ExtensibilityGlobals) = postSolution
		SolutionGuid = {C7672BAA-E41D-4ADE-ABDB-5C8EE88BF186}
	EndGlobalSection
EndGlobal
